
Microsoft Visual Studio Solution File, Format Version 12.00
Project("{FAE04EC0-301F-11D3-BF4B-00C04F79EFBC}") = "SimplifiedLotteryGame", "SimplifiedLotteryGame.csproj", "{0068BAF7-6B5B-4CDB-BE11-46E81365CE51}"
EndProject
Project("{FAE04EC0-301F-11D3-BF4B-00C04F79EFBC}") = "SimplifiedLotteryGame.Tests", "..\SimplifiedLotteryGame.Tests\SimplifiedLotteryGame.Tests.csproj", "{CFAC5D98-AD51-4B20-8F33-13498037EF3C}"
EndProject
Global
	GlobalSection(SolutionConfigurationPlatforms) = preSolution
		Debug|Any CPU = Debug|Any CPU
		Release|Any CPU = Release|Any CPU
	EndGlobalSection
	GlobalSection(ProjectConfigurationPlatforms) = postSolution
		{0068BAF7-6B5B-4CDB-BE11-46E81365CE51}.Debug|Any CPU.ActiveCfg = Debug|Any CPU
		{0068BAF7-6B5B-4CDB-BE11-46E81365CE51}.Debug|Any CPU.Build.0 = Debug|Any CPU
		{0068BAF7-6B5B-4CDB-BE11-46E81365CE51}.Release|Any CPU.ActiveCfg = Release|Any CPU
		{0068BAF7-6B5B-4CDB-BE11-46E81365CE51}.Release|Any CPU.Build.0 = Release|Any CPU
		{CFAC5D98-AD51-4B20-8F33-13498037EF3C}.Debug|Any CPU.ActiveCfg = Debug|Any CPU
		{CFAC5D98-AD51-4B20-8F33-13498037EF3C}.Debug|Any CPU.Build.0 = Debug|Any CPU
		{CFAC5D98-AD51-4B20-8F33-13498037EF3C}.Release|Any CPU.ActiveCfg = Release|Any CPU
		{CFAC5D98-AD51-4B20-8F33-13498037EF3C}.Release|Any CPU.Build.0 = Release|Any CPU
	EndGlobalSection
EndGlobal
